
Microsoft Visual Studio Solution File, Format Version 12.00
# Visual Studio Version 16
VisualStudioVersion = 16.0.33027.164
MinimumVisualStudioVersion = 10.0.40219.1
Project("{FAE04EC0-301F-11D3-BF4B-00C04F79EFBC}") = "SearchEngine", "SearchEngine\SearchEngine.csproj", "{FD7B5E53-95EE-44EF-835D-9639788C239E}"
EndProject
Global
	GlobalSection(SolutionConfigurationPlatforms) = preSolution
		Debug|Any CPU = Debug|Any CPU
		Release|Any CPU = Release|Any CPU
	EndGlobalSection
	GlobalSection(ProjectConfigurationPlatforms) = postSolution
		{FD7B5E53-95EE-44EF-835D-9639788C239E}.Debug|Any CPU.ActiveCfg = Debug|Any CPU
		{FD7B5E53-95EE-44EF-835D-9639788C239E}.Debug|Any CPU.Build.0 = Debug|Any CPU
		{FD7B5E53-95EE-44EF-835D-9639788C239E}.Release|Any CPU.ActiveCfg = Release|Any CPU
		{FD7B5E53-95EE-44EF-835D-9639788C239E}.Release|Any CPU.Build.0 = Release|Any CPU
	EndGlobalSection
	GlobalSection(SolutionProperties) = preSolution
		HideSolutionNode = FALSE
	EndGlobalSection
	GlobalSection(ExtensibilityGlobals) = postSolution
		SolutionGuid = {741057BC-5A37-41F4-93CD-3CB3D0F62806}
	EndGlobalSection
EndGlobal
